github.com/McShelby/hugo-theme-relearn v0.0.0-20240311225226-91752cc6b217 h1:8+71jYJ20/clG++kD4pLakaKIco6Rbagqc6MbBXl7I8=
github.com/McShelby/hugo-theme-relearn v0.0.0-20240311225226-91752cc6b217/go.mod h1:mKQQdxZNIlLvAj8X3tMq+RzntIJSr9z7XdzuMomt0IM=
github.com/martignoni/hugo-notice v0.0.0-20240308201046-ac039ce29ae8 h1:32HUwildsWEHb+OPnJqzfkpJbEwOsKTSMOMmmD2hNnc=
github.com/martignoni/hugo-notice v0.0.0-20240308201046-ac039ce29ae8/go.mod h1:MIQPOMgEcbyRC0gNLzQFSgrS+wIy3RuQ/HbaZYtTOKU=
